// !$*UTF8*$!
{
	archiveVersion = 1;
	classes = {
	};
	objectVersion = 46;
	objects = {

/* Begin PBXBuildFile section */
		49BA10E41D8F288700C21731 /* main.m in Sources */ = {isa = PBXBuildFile; fileRef = 49BA10E31D8F288700C21731 /* main.m */; };
		49BA10E71D8F288700C21731 /* AppDelegate.m in Sources */ = {isa = PBXBuildFile; fileRef = 49BA10E61D8F288700C21731 /* AppDelegate.m */; };
		49BA10EA1D8F288700C21731 /* ViewController.m in Sources */ = {isa = PBXBuildFile; fileRef = 49BA10E91D8F288700C21731 /* ViewController.m */; };
		49BA10ED1D8F288700C21731 /* Main.storyboard in Resources */ = {isa = PBXBuildFile; fileRef = 49BA10EB1D8F288700C21731 /* Main.storyboard */; };
		49BA10EF1D8F288700C21731 /* Assets.xcassets in Resources */ = {isa = PBXBuildFile; fileRef = 49BA10EE1D8F288700C21731 /* Assets.xcassets */; };
		49BA10FB1D8F439B00C21731 /* Player.m in Sources */ = {isa = PBXBuildFile; fileRef = 49BA10FA1D8F439B00C21731 /* Player.m */; };
		49BA10FF1D90424A00C21731 /* Goal.m in Sources */ = {isa = PBXBuildFile; fileRef = 49BA10FE1D90424A00C21731 /* Goal.m */; };
		49BA11011D90A18900C21731 /* PickerController.m in Sources */ = {isa = PBXBuildFile; fileRef = 49BA11001D90A18900C21731 /* PickerController.m */; };
/* End PBXBuildFile section */

/* Begin PBXFileReference section */
		49BA10DF1D8F288700C21731 /* ScoreBoard.app */ = {isa = PBXFileReference; explicitFileType = wrapper.application; includeInIndex = 0; path = ScoreBoard.app; sourceTree = BUILT_PRODUCTS_DIR; };
		49BA10E31D8F288700C21731 /* main.m */ = {isa = PBXFileReference; lastKnownFileType = sourcecode.c.objc; path = main.m; sourceTree = "<group>"; };
		49BA10E51D8F288700C21731 /* AppDelegate.h */ = {isa = PBXFileReference; lastKnownFileType = sourcecode.c.h; path = AppDelegate.h; sourceTree = "<group>"; };
		49BA10E61D8F288700C21731 /* AppDelegate.m */ = {isa = PBXFileReference; lastKnownFileType = sourcecode.c.objc; path = AppDelegate.m; sourceTree = "<group>"; };
		49BA10E81D8F288700C21731 /* ViewController.h */ = {isa = PBXFileReference; lastKnownFileType = sourcecode.c.h; path = ViewController.h; sourceTree = "<group>"; };
		49BA10E91D8F288700C21731 /* ViewController.m */ = {isa = PBXFileReference; lastKnownFileType = sourcecode.c.objc; path = ViewController.m; sourceTree = "<group>"; };
		49BA10EC1D8F288700C21731 /* Base */ = {isa = PBXFileReference; lastKnownFileType = file.storyboard; name = Base; path = Base.lproj/Main.storyboard; sourceTree = "<group>"; };
		49BA10EE1D8F288700C21731 /* Assets.xcassets */ = {isa = PBXFileReference; lastKnownFileType = folder.assetcatalog; path = Assets.xcassets; sourceTree = "<group>"; };
		49BA10F31D8F288700C21731 /* Info.plist */ = {isa = PBXFileReference; lastKnownFileType = text.plist.xml; path = Info.plist; sourceTree = "<group>"; };
		49BA10FA1D8F439B00C21731 /* Player.m */ = {isa = PBXFileReference; fileEncoding = 4; lastKnownFileType = sourcecode.c.objc; path = Player.m; sourceTree = "<group>"; };
		49BA10FC1D8F47E700C21731 /* Player.h */ = {isa = PBXFileReference; lastKnownFileType = sourcecode.c.h; path = Player.h; sourceTree = "<group>"; };
		49BA10FD1D9041BA00C21731 /* Goal.h */ = {isa = PBXFileReference; lastKnownFileType = sourcecode.c.h; path = Goal.h; sourceTree = "<group>"; };
		49BA10FE1D90424A00C21731 /* Goal.m */ = {isa = PBXFileReference; fileEncoding = 4; lastKnownFileType = sourcecode.c.objc; path = Goal.m; sourceTree = "<group>"; };
		49BA11001D90A18900C21731 /* PickerController.m */ = {isa = PBXFileReference; fileEncoding = 4; lastKnownFileType = sourcecode.c.objc; path = PickerController.m; sourceTree = "<group>"; };
		49BA11021D90A19600C21731 /* PickerController.h */ = {isa = PBXFileReference; lastKnownFileType = sourcecode.c.h; path = PickerController.h; sourceTree = "<group>"; };
/* End PBXFileReference section */

/* Begin PBXFrameworksBuildPhase section */
		49BA10DC1D8F288700C21731 /* Frameworks */ = {
			isa = PBXFrameworksBuildPhase;
			buildActionMask = 2147483647;
			files = (
			);
			runOnlyForDeploymentPostprocessing = 0;
		};
/* End PBXFrameworksBuildPhase section */

/* Begin PBXGroup section */
		49BA10D61D8F288700C21731 = {
			isa = PBXGroup;
			children = (
				49BA10E11D8F288700C21731 /* ScoreBoard */,
				49BA10E01D8F288700C21731 /* Products */,
			);
			sourceTree = "<group>";
		};
		49BA10E01D8F288700C21731 /* Products */ = {
			isa = PBXGroup;
			children = (
				49BA10DF1D8F288700C21731 /* ScoreBoard.app */,
			);
			name = Products;
			sourceTree = "<group>";
		};
		49BA10E11D8F288700C21731 /* ScoreBoard */ = {
			isa = PBXGroup;
			children = (
				49BA10E51D8F288700C21731 /* AppDelegate.h */,
				49BA10FC1D8F47E700C21731 /* Player.h */,
				49BA10E61D8F288700C21731 /* AppDelegate.m */,
				49BA10E81D8F288700C21731 /* ViewController.h */,
				49BA10E91D8F288700C21731 /* ViewController.m */,
				49BA10EB1D8F288700C21731 /* Main.storyboard */,
				49BA10EE1D8F288700C21731 /* Assets.xcassets */,
				49BA10F31D8F288700C21731 /* Info.plist */,
				49BA10E21D8F288700C21731 /* Supporting Files */,
				49BA10FA1D8F439B00C21731 /* Player.m */,
				49BA10FD1D9041BA00C21731 /* Goal.h */,
				49BA10FE1D90424A00C21731 /* Goal.m */,
				49BA11001D90A18900C21731 /* PickerController.m */,
				49BA11021D90A19600C21731 /* PickerController.h */,
			);
			path = ScoreBoard;
			sourceTree = "<group>";
		};
		49BA10E21D8F288700C21731 /* Supporting Files */ = {
			isa = PBXGroup;
			children = (
				49BA10E31D8F288700C21731 /* main.m */,
			);
			name = "Supporting Files";
			sourceTree = "<group>";
		};
/* End PBXGroup section */

/* Begin PBXNativeTarget section */
		49BA10DE1D8F288700C21731 /* ScoreBoard */ = {
			isa = PBXNativeTarget;
			buildConfigurationList = 49BA10F61D8F288700C21731 /* Build configuration list for PBXNativeTarget "ScoreBoard" */;
			buildPhases = (
				49BA10DB1D8F288700C21731 /* Sources */,
				49BA10DC1D8F288700C21731 /* Frameworks */,
				49BA10DD1D8F288700C21731 /* Resources */,
			);
			buildRules = (
			);
			dependencies = (
			);
			name = ScoreBoard;
			productName = ScoreBoard;
			productReference = 49BA10DF1D8F288700C21731 /* ScoreBoard.app */;
			productType = "com.apple.product-type.application";
		};
/* End PBXNativeTarget section */

/* Begin PBXProject section */
		49BA10D71D8F288700C21731 /* Project object */ = {
			isa = PBXProject;
			attributes = {
				LastUpgradeCheck = 0800;
				ORGANIZATIONNAME = "serge nassar";
				TargetAttributes = {
					49BA10DE1D8F288700C21731 = {
						CreatedOnToolsVersion = 7.3.1;
					};
				};
			};
			buildConfigurationList = 49BA10DA1D8F288700C21731 /* Build configuration list for PBXProject "ScoreBoard" */;
			compatibilityVersion = "Xcode 3.2";
			developmentRegion = English;
			hasScannedForEncodings = 0;
			knownRegions = (
				en,
				Base,
			);
			mainGroup = 49BA10D61D8F288700C21731;
			productRefGroup = 49BA10E01D8F288700C21731 /* Products */;
			projectDirPath = "";
			projectRoot = "";
			targets = (
				49BA10DE1D8F288700C21731 /* ScoreBoard */,
			);
		};
/* End PBXProject section */

/* Begin PBXResourcesBuildPhase section */
		49BA10DD1D8F288700C21731 /* Resources */ = {
			isa = PBXResourcesBuildPhase;
			buildActionMask = 2147483647;
			files = (
				49BA10EF1D8F288700C21731 /* Assets.xcassets in Resources */,
				49BA10ED1D8F288700C21731 /* Main.storyboard in Resources */,
			);
			runOnlyForDeploymentPostprocessing = 0;
		};
/* End PBXResourcesBuildPhase section */

/* Begin PBXSourcesBuildPhase section */
		49BA10DB1D8F288700C21731 /* Sources */ = {
			isa = PBXSourcesBuildPhase;
			buildActionMask = 2147483647;
			files = (
				49BA10FF1D90424A00C21731 /* Goal.m in Sources */,
				49BA10FB1D8F439B00C21731 /* Player.m in Sources */,
				49BA10EA1D8F288700C21731 /* ViewController.m in Sources */,
				49BA11011D90A18900C21731 /* PickerController.m in Sources */,
				49BA10E71D8F288700C21731 /* AppDelegate.m in Sources */,
				49BA10E41D8F288700C21731 /* main.m in Sources */,
			);
			runOnlyForDeploymentPostprocessing = 0;
		};
/* End PBXSourcesBuildPhase section */

/* Begin PBXVariantGroup section */
		49BA10EB1D8F288700C21731 /* Main.storyboard */ = {
			isa = PBXVariantGroup;
			children = (
				49BA10EC1D8F288700C21731 /* Base */,
			);
			name = Main.storyboard;
			sourceTree = "<group>";
		};
/* End PBXVariantGroup section */

/* Begin XCBuildConfiguration section */
		49BA10F41D8F288700C21731 /* Debug */ = {
			isa = XCBuildConfiguration;
			buildSettings = {
				ALWAYS_SEARCH_USER_PATHS = NO;
				CLANG_ANALYZER_NONNULL = YES;
				CLANG_CXX_LANGUAGE_STANDARD = "gnu++0x";
				CLANG_CXX_LIBRARY = "libc++";
				CLANG_ENABLE_MODULES = YES;
				CLANG_ENABLE_OBJC_ARC = YES;
				CLANG_WARN_BOOL_CONVERSION = YES;
				CLANG_WARN_CONSTANT_CONVERSION = YES;
				CLANG_WARN_DIRECT_OBJC_ISA_USAGE = YES_ERROR;
				CLANG_WARN_EMPTY_BODY = YES;
				CLANG_WARN_ENUM_CONVERSION = YES;
				CLANG_WARN_INFINITE_RECURSION = YES;
				CLANG_WARN_INT_CONVERSION = YES;
				CLANG_WARN_OBJC_ROOT_CLASS = YES_ERROR;
				CLANG_WARN_SUSPICIOUS_MOVE = YES;
				CLANG_WARN_UNREACHABLE_CODE = YES;
				CLANG_WARN__DUPLICATE_METHOD_MATCH = YES;
				"CODE_SIGN_IDENTITY[sdk=iphoneos*]" = "iPhone Developer";
				COPY_PHASE_STRIP = NO;
				DEBUG_INFORMATION_FORMAT = dwarf;
				ENABLE_STRICT_OBJC_MSGSEND = YES;
				ENABLE_TESTABILITY = YES;
				GCC_C_LANGUAGE_STANDARD = gnu99;
				GCC_DYNAMIC_NO_PIC = NO;
				GCC_NO_COMMON_BLOCKS = YES;
				GCC_OPTIMIZATION_LEVEL = 0;
				GCC_PREPROCESSOR_DEFINITIONS = (
					"DEBUG=1",
					"$(inherited)",
				);
				GCC_WARN_64_TO_32_BIT_CONVERSION = YES;
				GCC_WARN_ABOUT_RETURN_TYPE = YES_ERROR;
				GCC_WARN_UNDECLARED_SELECTOR = YES;
				GCC_WARN_UNINITIALIZED_AUTOS = YES_AGGRESSIVE;
				GCC_WARN_UNUSED_FUNCTION = YES;
				GCC_WARN_UNUSED_VARIABLE = YES;
				IPHONEOS_DEPLOYMENT_TARGET = 9.3;
				MTL_ENABLE_DEBUG_INFO = YES;
				ONLY_ACTIVE_ARCH = YES;
				SDKROOT = iphoneos;
				TARGETED_DEVICE_FAMILY = 2;
			};
			name = Debug;
		};
		49BA10F51D8F288700C21731 /* Release */ = {
			isa = XCBuildConfiguration;
			buildSettings = {
				ALWAYS_SEARCH_USER_PATHS = NO;
				CLANG_ANALYZER_NONNULL = YES;
				CLANG_CXX_LANGUAGE_STANDARD = "gnu++0x";
				CLANG_CXX_LIBRARY = "libc++";
				CLANG_ENABLE_MODULES = YES;
				CLANG_ENABLE_OBJC_ARC = YES;
				CLANG_WARN_BOOL_CONVERSION = YES;
				CLANG_WARN_CONSTANT_CONVERSION = YES;
				CLANG_WARN_DIRECT_OBJC_ISA_USAGE = YES_ERROR;
				CLANG_WARN_EMPTY_BODY = YES;
				CLANG_WARN_ENUM_CONVERSION = YES;
				CLANG_WARN_INFINITE_RECURSION = YES;
				CLANG_WARN_INT_CONVERSION = YES;
				CLANG_WARN_OBJC_ROOT_CLASS = YES_ERROR;
				CLANG_WARN_SUSPICIOUS_MOVE = YES;
				CLANG_WARN_UNREACHABLE_CODE = YES;
				CLANG_WARN__DUPLICATE_METHOD_MATCH = YES;
				"CODE_SIGN_IDENTITY[sdk=iphoneos*]" = "iPhone Developer";
				COPY_PHASE_STRIP = NO;
				DEBUG_INFORMATION_FORMAT = "dwarf-with-dsym";
				ENABLE_NS_ASSERTIONS = NO;
				ENABLE_STRICT_OBJC_MSGSEND = YES;
				GCC_C_LANGUAGE_STANDARD = gnu99;
				GCC_NO_COMMON_BLOCKS = YES;
				GCC_WARN_64_TO_32_BIT_CONVERSION = YES;
				GCC_WARN_ABOUT_RETURN_TYPE = YES_ERROR;
				GCC_WARN_UNDECLARED_SELECTOR = YES;
				GCC_WARN_UNINITIALIZED_AUTOS = YES_AGGRESSIVE;
				GCC_WARN_UNUSED_FUNCTION = YES;
				GCC_WARN_UNUSED_VARIABLE = YES;
				IPHONEOS_DEPLOYMENT_TARGET = 9.3;
				MTL_ENABLE_DEBUG_INFO = NO;
				SDKROOT = iphoneos;
				TARGETED_DEVICE_FAMILY = 2;
				VALIDATE_PRODUCT = YES;
			};
			name = Release;
		};
		49BA10F71D8F288700C21731 /* Debug */ = {
			isa = XCBuildConfiguration;
			buildSettings = {
				ASSETCATALOG_COMPILER_APPICON_NAME = AppIcon;
				INFOPLIST_FILE = ScoreBoard/Info.plist;
				LD_RUNPATH_SEARCH_PATHS = "$(inherited) @executable_path/Frameworks";
				PRODUCT_BUNDLE_IDENTIFIER = ets.ScoreBoard;
				PRODUCT_NAME = "$(TARGET_NAME)";
			};
			name = Debug;
		};
		49BA10F81D8F288700C21731 /* Release */ = {
			isa = XCBuildConfiguration;
			buildSettings = {
				ASSETCATALOG_COMPILER_APPICON_NAME = AppIcon;
				INFOPLIST_FILE = ScoreBoard/Info.plist;
				LD_RUNPATH_SEARCH_PATHS = "$(inherited) @executable_path/Frameworks";
				PRODUCT_BUNDLE_IDENTIFIER = ets.ScoreBoard;
				PRODUCT_NAME = "$(TARGET_NAME)";
			};
			name = Release;
		};
/* End XCBuildConfiguration section */

/* Begin XCConfigurationList section */
		49BA10DA1D8F288700C21731 /* Build configuration list for PBXProject "ScoreBoard" */ = {
			isa = XCConfigurationList;
			buildConfigurations = (
				49BA10F41D8F288700C21731 /* Debug */,
				49BA10F51D8F288700C21731 /* Release */,
			);
			defaultConfigurationIsVisible = 0;
			defaultConfigurationName = Release;
		};
		49BA10F61D8F288700C21731 /* Build configuration list for PBXNativeTarget "ScoreBoard" */ = {
			isa = XCConfigurationList;
			buildConfigurations = (
				49BA10F71D8F288700C21731 /* Debug */,
				49BA10F81D8F288700C21731 /* Release */,
			);
			defaultConfigurationIsVisible = 0;
			defaultConfigurationName = Release;
		};
/* End XCConfigurationList section */
	};
	rootObject = 49BA10D71D8F288700C21731 /* Project object */;
}
